
Microsoft Visual Studio Solution File, Format Version 12.00
# Visual Studio 15
VisualStudioVersion = 15.0.27130.2010
MinimumVisualStudioVersion = 10.0.40219.1
Project("{FAE04EC0-301F-11D3-BF4B-00C04F79EFBC}") = "Image.Android", "Image\Image.Android\Image.Android.csproj", "{27F587D2-43C6-42D0-9AA2-BC266BE3FBBC}"
EndProject
Project("{FAE04EC0-301F-11D3-BF4B-00C04F79EFBC}") = "Image.iOS", "Image\Image.iOS\Image.iOS.csproj", "{C4DCA146-4ED5-42D2-8F0C-DF29F81B8FBE}"
EndProject
Project("{FAE04EC0-301F-11D3-BF4B-00C04F79EFBC}") = "Image.UWP", "Image\Image.UWP\Image.UWP.csproj", "{EF6B8A15-3D4D-42B6-85B9-07CA489E8547}"
EndProject
Project("{FAE04EC0-301F-11D3-BF4B-00C04F79EFBC}") = "Image", "Image\Image\Image.csproj", "{4152DE45-34DD-4DCD-875D-DCD14B92E094}"
EndProject
Global
	GlobalSection(SolutionConfigurationPlatforms) = preSolution
		Ad-Hoc|Any CPU = Ad-Hoc|Any CPU
		Ad-Hoc|ARM = Ad-Hoc|ARM
		Ad-Hoc|iPhone = Ad-Hoc|iPhone
		Ad-Hoc|iPhoneSimulator = Ad-Hoc|iPhoneSimulator
		Ad-Hoc|x64 = Ad-Hoc|x64
		Ad-Hoc|x86 = Ad-Hoc|x86
		AppStore|Any CPU = AppStore|Any CPU
		AppStore|ARM = AppStore|ARM
		AppStore|iPhone = AppStore|iPhone
		AppStore|iPhoneSimulator = AppStore|iPhoneSimulator
		AppStore|x64 = AppStore|x64
		AppStore|x86 = AppStore|x86
		Debug|Any CPU = Debug|Any CPU
		Debug|ARM = Debug|ARM
		Debug|iPhone = Debug|iPhone
		Debug|iPhoneSimulator = Debug|iPhoneSimulator
		Debug|x64 = Debug|x64
		Debug|x86 = Debug|x86
		Release|Any CPU = Release|Any CPU
		Release|ARM = Release|ARM
		Release|iPhone = Release|iPhone
		Release|iPhoneSimulator = Release|iPhoneSimulator
		Release|x64 = Release|x64
		Release|x86 = Release|x86
	EndGlobalSection
	GlobalSection(ProjectConfigurationPlatforms) = postSolution
		{27F587D2-43C6-42D0-9AA2-BC266BE3FBBC}.Ad-Hoc|Any CPU.ActiveCfg = Release|Any CPU
		{27F587D2-43C6-42D0-9AA2-BC266BE3FBBC}.Ad-Hoc|Any CPU.Build.0 = Release|Any CPU
		{27F587D2-43C6-42D0-9AA2-BC266BE3FBBC}.Ad-Hoc|Any CPU.Deploy.0 = Release|Any CPU
		{27F587D2-43C6-42D0-9AA2-BC266BE3FBBC}.Ad-Hoc|ARM.ActiveCfg = Release|Any CPU
		{27F587D2-43C6-42D0-9AA2-BC266BE3FBBC}.Ad-Hoc|ARM.Build.0 = Release|Any CPU
		{27F587D2-43C6-42D0-9AA2-BC266BE3FBBC}.Ad-Hoc|ARM.Deploy.0 = Release|Any CPU
		{27F587D2-43C6-42D0-9AA2-BC266BE3FBBC}.Ad-Hoc|iPhone.ActiveCfg = Release|Any CPU
		{27F587D2-43C6-42D0-9AA2-BC266BE3FBBC}.Ad-Hoc|iPhone.Build.0 = Release|Any CPU
		{27F587D2-43C6-42D0-9AA2-BC266BE3FBBC}.Ad-Hoc|iPhone.Deploy.0 = Release|Any CPU
		{27F587D2-43C6-42D0-9AA2-BC266BE3FBBC}.Ad-Hoc|iPhoneSimulator.ActiveCfg = Release|Any CPU
		{27F587D2-43C6-42D0-9AA2-BC266BE3FBBC}.Ad-Hoc|iPhoneSimulator.Build.0 = Release|Any CPU
		{27F587D2-43C6-42D0-9AA2-BC266BE3FBBC}.Ad-Hoc|iPhoneSimulator.Deploy.0 = Release|Any CPU
		{27F587D2-43C6-42D0-9AA2-BC266BE3FBBC}.Ad-Hoc|x64.ActiveCfg = Release|Any CPU
		{27F587D2-43C6-42D0-9AA2-BC266BE3FBBC}.Ad-Hoc|x64.Build.0 = Release|Any CPU
		{27F587D2-43C6-42D0-9AA2-BC266BE3FBBC}.Ad-Hoc|x64.Deploy.0 = Release|Any CPU
		{27F587D2-43C6-42D0-9AA2-BC266BE3FBBC}.Ad-Hoc|x86.ActiveCfg = Release|Any CPU
		{27F587D2-43C6-42D0-9AA2-BC266BE3FBBC}.Ad-Hoc|x86.Build.0 = Release|Any CPU
		{27F587D2-43C6-42D0-9AA2-BC266BE3FBBC}.Ad-Hoc|x86.Deploy.0 = Release|Any CPU
		{27F587D2-43C6-42D0-9AA2-BC266BE3FBBC}.AppStore|Any CPU.ActiveCfg = Release|Any CPU
		{27F587D2-43C6-42D0-9AA2-BC266BE3FBBC}.AppStore|Any CPU.Build.0 = Release|Any CPU
		{27F587D2-43C6-42D0-9AA2-BC266BE3FBBC}.AppStore|Any CPU.Deploy.0 = Release|Any CPU
		{27F587D2-43C6-42D0-9AA2-BC266BE3FBBC}.AppStore|ARM.ActiveCfg = Release|Any CPU
		{27F587D2-43C6-42D0-9AA2-BC266BE3FBBC}.AppStore|ARM.Build.0 = Release|Any CPU
		{27F587D2-43C6-42D0-9AA2-BC266BE3FBBC}.AppStore|ARM.Deploy.0 = Release|Any CPU
		{27F587D2-43C6-42D0-9AA2-BC266BE3FBBC}.AppStore|iPhone.ActiveCfg = Release|Any CPU
		{27F587D2-43C6-42D0-9AA2-BC266BE3FBBC}.AppStore|iPhone.Build.0 = Release|Any CPU
		{27F587D2-43C6-42D0-9AA2-BC266BE3FBBC}.AppStore|iPhone.Deploy.0 = Release|Any CPU
		{27F587D2-43C6-42D0-9AA2-BC266BE3FBBC}.AppStore|iPhoneSimulator.ActiveCfg = Release|Any CPU
		{27F587D2-43C6-42D0-9AA2-BC266BE3FBBC}.AppStore|iPhoneSimulator.Build.0 = Release|Any CPU
		{27F587D2-43C6-42D0-9AA2-BC266BE3FBBC}.AppStore|iPhoneSimulator.Deploy.0 = Release|Any CPU
		{27F587D2-43C6-42D0-9AA2-BC266BE3FBBC}.AppStore|x64.ActiveCfg = Release|Any CPU
		{27F587D2-43C6-42D0-9AA2-BC266BE3FBBC}.AppStore|x64.Build.0 = Release|Any CPU
		{27F587D2-43C6-42D0-9AA2-BC266BE3FBBC}.AppStore|x64.Deploy.0 = Release|Any CPU
		{27F587D2-43C6-42D0-9AA2-BC266BE3FBBC}.AppStore|x86.ActiveCfg = Release|Any CPU
		{27F587D2-43C6-42D0-9AA2-BC266BE3FBBC}.AppStore|x86.Build.0 = Release|Any CPU
		{27F587D2-43C6-42D0-9AA2-BC266BE3FBBC}.AppStore|x86.Deploy.0 = Release|Any CPU
		{27F587D2-43C6-42D0-9AA2-BC266BE3FBBC}.Debug|Any CPU.ActiveCfg = Debug|Any CPU
		{27F587D2-43C6-42D0-9AA2-BC266BE3FBBC}.Debug|Any CPU.Build.0 = Debug|Any CPU
		{27F587D2-43C6-42D0-9AA2-BC266BE3FBBC}.Debug|Any CPU.Deploy.0 = Debug|Any CPU
		{27F587D2-43C6-42D0-9AA2-BC266BE3FBBC}.Debug|ARM.ActiveCfg = Debug|Any CPU
		{27F587D2-43C6-42D0-9AA2-BC266BE3FBBC}.Debug|ARM.Build.0 = Debug|Any CPU
		{27F587D2-43C6-42D0-9AA2-BC266BE3FBBC}.Debug|ARM.Deploy.0 = Debug|Any CPU
		{27F587D2-43C6-42D0-9AA2-BC266BE3FBBC}.Debug|iPhone.ActiveCfg = Debug|Any CPU
		{27F587D2-43C6-42D0-9AA2-BC266BE3FBBC}.Debug|iPhone.Build.0 = Debug|Any CPU
		{27F587D2-43C6-42D0-9AA2-BC266BE3FBBC}.Debug|iPhone.Deploy.0 = Debug|Any CPU
		{27F587D2-43C6-42D0-9AA2-BC266BE3FBBC}.Debug|iPhoneSimulator.ActiveCfg = Debug|Any CPU
		{27F587D2-43C6-42D0-9AA2-BC266BE3FBBC}.Debug|iPhoneSimulator.Build.0 = Debug|Any CPU
		{27F587D2-43C6-42D0-9AA2-BC266BE3FBBC}.Debug|iPhoneSimulator.Deploy.0 = Debug|Any CPU
		{27F587D2-43C6-42D0-9AA2-BC266BE3FBBC}.Debug|x64.ActiveCfg = Debug|Any CPU
		{27F587D2-43C6-42D0-9AA2-BC266BE3FBBC}.Debug|x64.Build.0 = Debug|Any CPU
		{27F587D2-43C6-42D0-9AA2-BC266BE3FBBC}.Debug|x64.Deploy.0 = Debug|Any CPU
		{27F587D2-43C6-42D0-9AA2-BC266BE3FBBC}.Debug|x86.ActiveCfg = Debug|Any CPU
		{27F587D2-43C6-42D0-9AA2-BC266BE3FBBC}.Debug|x86.Build.0 = Debug|Any CPU
		{27F587D2-43C6-42D0-9AA2-BC266BE3FBBC}.Debug|x86.Deploy.0 = Debug|Any CPU
		{27F587D2-43C6-42D0-9AA2-BC266BE3FBBC}.Release|Any CPU.ActiveCfg = Release|Any CPU
		{27F587D2-43C6-42D0-9AA2-BC266BE3FBBC}.Release|Any CPU.Build.0 = Release|Any CPU
		{27F587D2-43C6-42D0-9AA2-BC266BE3FBBC}.Release|Any CPU.Deploy.0 = Release|Any CPU
		{27F587D2-43C6-42D0-9AA2-BC266BE3FBBC}.Release|ARM.ActiveCfg = Release|Any CPU
		{27F587D2-43C6-42D0-9AA2-BC266BE3FBBC}.Release|ARM.Build.0 = Release|Any CPU
		{27F587D2-43C6-42D0-9AA2-BC266BE3FBBC}.Release|ARM.Deploy.0 = Release|Any CPU
		{27F587D2-43C6-42D0-9AA2-BC266BE3FBBC}.Release|iPhone.ActiveCfg = Release|Any CPU
		{27F587D2-43C6-42D0-9AA2-BC266BE3FBBC}.Release|iPhone.Build.0 = Release|Any CPU
		{27F587D2-43C6-42D0-9AA2-BC266BE3FBBC}.Release|iPhone.Deploy.0 = Release|Any CPU
		{27F587D2-43C6-42D0-9AA2-BC266BE3FBBC}.Release|iPhoneSimulator.ActiveCfg = Release|Any CPU
		{27F587D2-43C6-42D0-9AA2-BC266BE3FBBC}.Release|iPhoneSimulator.Build.0 = Release|Any CPU
		{27F587D2-43C6-42D0-9AA2-BC266BE3FBBC}.Release|iPhoneSimulator.Deploy.0 = Release|Any CPU
		{27F587D2-43C6-42D0-9AA2-BC266BE3FBBC}.Release|x64.ActiveCfg = Release|Any CPU
		{27F587D2-43C6-42D0-9AA2-BC266BE3FBBC}.Release|x64.Build.0 = Release|Any CPU
		{27F587D2-43C6-42D0-9AA2-BC266BE3FBBC}.Release|x64.Deploy.0 = Release|Any CPU
		{27F587D2-43C6-42D0-9AA2-BC266BE3FBBC}.Release|x86.ActiveCfg = Release|Any CPU
		{27F587D2-43C6-42D0-9AA2-BC266BE3FBBC}.Release|x86.Build.0 = Release|Any CPU
		{27F587D2-43C6-42D0-9AA2-BC266BE3FBBC}.Release|x86.Deploy.0 = Release|Any CPU
		{C4DCA146-4ED5-42D2-8F0C-DF29F81B8FBE}.Ad-Hoc|Any CPU.ActiveCfg = Ad-Hoc|iPhone
		{C4DCA146-4ED5-42D2-8F0C-DF29F81B8FBE}.Ad-Hoc|ARM.ActiveCfg = Ad-Hoc|iPhone
		{C4DCA146-4ED5-42D2-8F0C-DF29F81B8FBE}.Ad-Hoc|iPhone.ActiveCfg = Ad-Hoc|iPhone
		{C4DCA146-4ED5-42D2-8F0C-DF29F81B8FBE}.Ad-Hoc|iPhone.Build.0 = Ad-Hoc|iPhone
		{C4DCA146-4ED5-42D2-8F0C-DF29F81B8FBE}.Ad-Hoc|iPhoneSimulator.ActiveCfg = Ad-Hoc|iPhoneSimulator
		{C4DCA146-4ED5-42D2-8F0C-DF29F81B8FBE}.Ad-Hoc|iPhoneSimulator.Build.0 = Ad-Hoc|iPhoneSimulator
		{C4DCA146-4ED5-42D2-8F0C-DF29F81B8FBE}.Ad-Hoc|x64.ActiveCfg = Ad-Hoc|iPhone
		{C4DCA146-4ED5-42D2-8F0C-DF29F81B8FBE}.Ad-Hoc|x86.ActiveCfg = Ad-Hoc|iPhone
		{C4DCA146-4ED5-42D2-8F0C-DF29F81B8FBE}.AppStore|Any CPU.ActiveCfg = AppStore|iPhone
		{C4DCA146-4ED5-42D2-8F0C-DF29F81B8FBE}.AppStore|ARM.ActiveCfg = AppStore|iPhone
		{C4DCA146-4ED5-42D2-8F0C-DF29F81B8FBE}.AppStore|iPhone.ActiveCfg = AppStore|iPhone
		{C4DCA146-4ED5-42D2-8F0C-DF29F81B8FBE}.AppStore|iPhone.Build.0 = AppStore|iPhone
		{C4DCA146-4ED5-42D2-8F0C-DF29F81B8FBE}.AppStore|iPhoneSimulator.ActiveCfg = AppStore|iPhoneSimulator
		{C4DCA146-4ED5-42D2-8F0C-DF29F81B8FBE}.AppStore|iPhoneSimulator.Build.0 = AppStore|iPhoneSimulator
		{C4DCA146-4ED5-42D2-8F0C-DF29F81B8FBE}.AppStore|x64.ActiveCfg = AppStore|iPhone
		{C4DCA146-4ED5-42D2-8F0C-DF29F81B8FBE}.AppStore|x86.ActiveCfg = AppStore|iPhone
		{C4DCA146-4ED5-42D2-8F0C-DF29F81B8FBE}.Debug|Any CPU.ActiveCfg = Debug|iPhone
		{C4DCA146-4ED5-42D2-8F0C-DF29F81B8FBE}.Debug|ARM.ActiveCfg = Debug|iPhone
		{C4DCA146-4ED5-42D2-8F0C-DF29F81B8FBE}.Debug|iPhone.ActiveCfg = Debug|iPhone
		{C4DCA146-4ED5-42D2-8F0C-DF29F81B8FBE}.Debug|iPhone.Build.0 = Debug|iPhone
		{C4DCA146-4ED5-42D2-8F0C-DF29F81B8FBE}.Debug|iPhoneSimulator.ActiveCfg = Debug|iPhoneSimulator
		{C4DCA146-4ED5-42D2-8F0C-DF29F81B8FBE}.Debug|iPhoneSimulator.Build.0 = Debug|iPhoneSimulator
		{C4DCA146-4ED5-42D2-8F0C-DF29F81B8FBE}.Debug|x64.ActiveCfg = Debug|iPhone
		{C4DCA146-4ED5-42D2-8F0C-DF29F81B8FBE}.Debug|x86.ActiveCfg = Debug|iPhone
		{C4DCA146-4ED5-42D2-8F0C-DF29F81B8FBE}.Release|Any CPU.ActiveCfg = Release|iPhone
		{C4DCA146-4ED5-42D2-8F0C-DF29F81B8FBE}.Release|ARM.ActiveCfg = Release|iPhone
		{C4DCA146-4ED5-42D2-8F0C-DF29F81B8FBE}.Release|iPhone.ActiveCfg = Release|iPhone
		{C4DCA146-4ED5-42D2-8F0C-DF29F81B8FBE}.Release|iPhone.Build.0 = Release|iPhone
		{C4DCA146-4ED5-42D2-8F0C-DF29F81B8FBE}.Release|iPhoneSimulator.ActiveCfg = Release|iPhoneSimulator
		{C4DCA146-4ED5-42D2-8F0C-DF29F81B8FBE}.Release|iPhoneSimulator.Build.0 = Release|iPhoneSimulator
		{C4DCA146-4ED5-42D2-8F0C-DF29F81B8FBE}.Release|x64.ActiveCfg = Release|iPhone
		{C4DCA146-4ED5-42D2-8F0C-DF29F81B8FBE}.Release|x86.ActiveCfg = Release|iPhone
		{EF6B8A15-3D4D-42B6-85B9-07CA489E8547}.Ad-Hoc|Any CPU.ActiveCfg = Release|x86
		{EF6B8A15-3D4D-42B6-85B9-07CA489E8547}.Ad-Hoc|Any CPU.Build.0 = Release|x86
		{EF6B8A15-3D4D-42B6-85B9-07CA489E8547}.Ad-Hoc|Any CPU.Deploy.0 = Release|x86
		{EF6B8A15-3D4D-42B6-85B9-07CA489E8547}.Ad-Hoc|ARM.ActiveCfg = Release|ARM
		{EF6B8A15-3D4D-42B6-85B9-07CA489E8547}.Ad-Hoc|ARM.Build.0 = Release|ARM
		{EF6B8A15-3D4D-42B6-85B9-07CA489E8547}.Ad-Hoc|ARM.Deploy.0 = Release|ARM
		{EF6B8A15-3D4D-42B6-85B9-07CA489E8547}.Ad-Hoc|iPhone.ActiveCfg = Release|x86
		{EF6B8A15-3D4D-42B6-85B9-07CA489E8547}.Ad-Hoc|iPhone.Build.0 = Release|x86
		{EF6B8A15-3D4D-42B6-85B9-07CA489E8547}.Ad-Hoc|iPhone.Deploy.0 = Release|x86
		{EF6B8A15-3D4D-42B6-85B9-07CA489E8547}.Ad-Hoc|iPhoneSimulator.ActiveCfg = Release|x86
		{EF6B8A15-3D4D-42B6-85B9-07CA489E8547}.Ad-Hoc|iPhoneSimulator.Build.0 = Release|x86
		{EF6B8A15-3D4D-42B6-85B9-07CA489E8547}.Ad-Hoc|iPhoneSimulator.Deploy.0 = Release|x86
		{EF6B8A15-3D4D-42B6-85B9-07CA489E8547}.Ad-Hoc|x64.ActiveCfg = Release|x64
		{EF6B8A15-3D4D-42B6-85B9-07CA489E8547}.Ad-Hoc|x64.Build.0 = Release|x64
		{EF6B8A15-3D4D-42B6-85B9-07CA489E8547}.Ad-Hoc|x64.Deploy.0 = Release|x64
		{EF6B8A15-3D4D-42B6-85B9-07CA489E8547}.Ad-Hoc|x86.ActiveCfg = Release|x86
		{EF6B8A15-3D4D-42B6-85B9-07CA489E8547}.Ad-Hoc|x86.Build.0 = Release|x86
		{EF6B8A15-3D4D-42B6-85B9-07CA489E8547}.Ad-Hoc|x86.Deploy.0 = Release|x86
		{EF6B8A15-3D4D-42B6-85B9-07CA489E8547}.AppStore|Any CPU.ActiveCfg = Release|x86
		{EF6B8A15-3D4D-42B6-85B9-07CA489E8547}.AppStore|Any CPU.Build.0 = Release|x86
		{EF6B8A15-3D4D-42B6-85B9-07CA489E8547}.AppStore|Any CPU.Deploy.0 = Release|x86
		{EF6B8A15-3D4D-42B6-85B9-07CA489E8547}.AppStore|ARM.ActiveCfg = Release|ARM
		{EF6B8A15-3D4D-42B6-85B9-07CA489E8547}.AppStore|ARM.Build.0 = Release|ARM
		{EF6B8A15-3D4D-42B6-85B9-07CA489E8547}.AppStore|ARM.Deploy.0 = Release|ARM
		{EF6B8A15-3D4D-42B6-85B9-07CA489E8547}.AppStore|iPhone.ActiveCfg = Release|x86
		{EF6B8A15-3D4D-42B6-85B9-07CA489E8547}.AppStore|iPhone.Build.0 = Release|x86
		{EF6B8A15-3D4D-42B6-85B9-07CA489E8547}.AppStore|iPhone.Deploy.0 = Release|x86
		{EF6B8A15-3D4D-42B6-85B9-07CA489E8547}.AppStore|iPhoneSimulator.ActiveCfg = Release|x86
		{EF6B8A15-3D4D-42B6-85B9-07CA489E8547}.AppStore|iPhoneSimulator.Build.0 = Release|x86
		{EF6B8A15-3D4D-42B6-85B9-07CA489E8547}.AppStore|iPhoneSimulator.Deploy.0 = Release|x86
		{EF6B8A15-3D4D-42B6-85B9-07CA489E8547}.AppStore|x64.ActiveCfg = Release|x64
		{EF6B8A15-3D4D-42B6-85B9-07CA489E8547}.AppStore|x64.Build.0 = Release|x64
		{EF6B8A15-3D4D-42B6-85B9-07CA489E8547}.AppStore|x64.Deploy.0 = Release|x64
		{EF6B8A15-3D4D-42B6-85B9-07CA489E8547}.AppStore|x86.ActiveCfg = Release|x86
		{EF6B8A15-3D4D-42B6-85B9-07CA489E8547}.AppStore|x86.Build.0 = Release|x86
		{EF6B8A15-3D4D-42B6-85B9-07CA489E8547}.AppStore|x86.Deploy.0 = Release|x86
		{EF6B8A15-3D4D-42B6-85B9-07CA489E8547}.Debug|Any CPU.ActiveCfg = Debug|x86
		{EF6B8A15-3D4D-42B6-85B9-07CA489E8547}.Debug|ARM.ActiveCfg = Debug|ARM
		{EF6B8A15-3D4D-42B6-85B9-07CA489E8547}.Debug|ARM.Build.0 = Debug|ARM
		{EF6B8A15-3D4D-42B6-85B9-07CA489E8547}.Debug|ARM.Deploy.0 = Debug|ARM
		{EF6B8A15-3D4D-42B6-85B9-07CA489E8547}.Debug|iPhone.ActiveCfg = Debug|x86
		{EF6B8A15-3D4D-42B6-85B9-07CA489E8547}.Debug|iPhoneSimulator.ActiveCfg = Debug|x86
		{EF6B8A15-3D4D-42B6-85B9-07CA489E8547}.Debug|x64.ActiveCfg = Debug|x64
		{EF6B8A15-3D4D-42B6-85B9-07CA489E8547}.Debug|x64.Build.0 = Debug|x64
		{EF6B8A15-3D4D-42B6-85B9-07CA489E8547}.Debug|x64.Deploy.0 = Debug|x64
		{EF6B8A15-3D4D-42B6-85B9-07CA489E8547}.Debug|x86.ActiveCfg = Debug|x86
		{EF6B8A15-3D4D-42B6-85B9-07CA489E8547}.Debug|x86.Build.0 = Debug|x86
		{EF6B8A15-3D4D-42B6-85B9-07CA489E8547}.Debug|x86.Deploy.0 = Debug|x86
		{EF6B8A15-3D4D-42B6-85B9-07CA489E8547}.Release|Any CPU.ActiveCfg = Release|x86
		{EF6B8A15-3D4D-42B6-85B9-07CA489E8547}.Release|ARM.ActiveCfg = Release|ARM
		{EF6B8A15-3D4D-42B6-85B9-07CA489E8547}.Release|ARM.Build.0 = Release|ARM
		{EF6B8A15-3D4D-42B6-85B9-07CA489E8547}.Release|ARM.Deploy.0 = Release|ARM
		{EF6B8A15-3D4D-42B6-85B9-07CA489E8547}.Release|iPhone.ActiveCfg = Release|x86
		{EF6B8A15-3D4D-42B6-85B9-07CA489E8547}.Release|iPhoneSimulator.ActiveCfg = Release|x86
		{EF6B8A15-3D4D-42B6-85B9-07CA489E8547}.Release|x64.ActiveCfg = Release|x64
		{EF6B8A15-3D4D-42B6-85B9-07CA489E8547}.Release|x64.Build.0 = Release|x64
		{EF6B8A15-3D4D-42B6-85B9-07CA489E8547}.Release|x64.Deploy.0 = Release|x64
		{EF6B8A15-3D4D-42B6-85B9-07CA489E8547}.Release|x86.ActiveCfg = Release|x86
		{EF6B8A15-3D4D-42B6-85B9-07CA489E8547}.Release|x86.Build.0 = Release|x86
		{EF6B8A15-3D4D-42B6-85B9-07CA489E8547}.Release|x86.Deploy.0 = Release|x86
		{4152DE45-34DD-4DCD-875D-DCD14B92E094}.Ad-Hoc|Any CPU.ActiveCfg = Debug|Any CPU
		{4152DE45-34DD-4DCD-875D-DCD14B92E094}.Ad-Hoc|Any CPU.Build.0 = Debug|Any CPU
		{4152DE45-34DD-4DCD-875D-DCD14B92E094}.Ad-Hoc|ARM.ActiveCfg = Debug|Any CPU
		{4152DE45-34DD-4DCD-875D-DCD14B92E094}.Ad-Hoc|ARM.Build.0 = Debug|Any CPU
		{4152DE45-34DD-4DCD-875D-DCD14B92E094}.Ad-Hoc|iPhone.ActiveCfg = Debug|Any CPU
		{4152DE45-34DD-4DCD-875D-DCD14B92E094}.Ad-Hoc|iPhone.Build.0 = Debug|Any CPU
		{4152DE45-34DD-4DCD-875D-DCD14B92E094}.Ad-Hoc|iPhoneSimulator.ActiveCfg = Debug|Any CPU
		{4152DE45-34DD-4DCD-875D-DCD14B92E094}.Ad-Hoc|iPhoneSimulator.Build.0 = Debug|Any CPU
		{4152DE45-34DD-4DCD-875D-DCD14B92E094}.Ad-Hoc|x64.ActiveCfg = Debug|Any CPU
		{4152DE45-34DD-4DCD-875D-DCD14B92E094}.Ad-Hoc|x64.Build.0 = Debug|Any CPU
		{4152DE45-34DD-4DCD-875D-DCD14B92E094}.Ad-Hoc|x86.ActiveCfg = Debug|Any CPU
		{4152DE45-34DD-4DCD-875D-DCD14B92E094}.Ad-Hoc|x86.Build.0 = Debug|Any CPU
		{4152DE45-34DD-4DCD-875D-DCD14B92E094}.AppStore|Any CPU.ActiveCfg = Debug|Any CPU
		{4152DE45-34DD-4DCD-875D-DCD14B92E094}.AppStore|Any CPU.Build.0 = Debug|Any CPU
		{4152DE45-34DD-4DCD-875D-DCD14B92E094}.AppStore|ARM.ActiveCfg = Debug|Any CPU
		{4152DE45-34DD-4DCD-875D-DCD14B92E094}.AppStore|ARM.Build.0 = Debug|Any CPU
		{4152DE45-34DD-4DCD-875D-DCD14B92E094}.AppStore|iPhone.ActiveCfg = Debug|Any CPU
		{4152DE45-34DD-4DCD-875D-DCD14B92E094}.AppStore|iPhone.Build.0 = Debug|Any CPU
		{4152DE45-34DD-4DCD-875D-DCD14B92E094}.AppStore|iPhoneSimulator.ActiveCfg = Debug|Any CPU
		{4152DE45-34DD-4DCD-875D-DCD14B92E094}.AppStore|iPhoneSimulator.Build.0 = Debug|Any CPU
		{4152DE45-34DD-4DCD-875D-DCD14B92E094}.AppStore|x64.ActiveCfg = Debug|Any CPU
		{4152DE45-34DD-4DCD-875D-DCD14B92E094}.AppStore|x64.Build.0 = Debug|Any CPU
		{4152DE45-34DD-4DCD-875D-DCD14B92E094}.AppStore|x86.ActiveCfg = Debug|Any CPU
		{4152DE45-34DD-4DCD-875D-DCD14B92E094}.AppStore|x86.Build.0 = Debug|Any CPU
		{4152DE45-34DD-4DCD-875D-DCD14B92E094}.Debug|Any CPU.ActiveCfg = Debug|Any CPU
		{4152DE45-34DD-4DCD-875D-DCD14B92E094}.Debug|Any CPU.Build.0 = Debug|Any CPU
		{4152DE45-34DD-4DCD-875D-DCD14B92E094}.Debug|ARM.ActiveCfg = Debug|Any CPU
		{4152DE45-34DD-4DCD-875D-DCD14B92E094}.Debug|ARM.Build.0 = Debug|Any CPU
		{4152DE45-34DD-4DCD-875D-DCD14B92E094}.Debug|iPhone.ActiveCfg = Debug|Any CPU
		{4152DE45-34DD-4DCD-875D-DCD14B92E094}.Debug|iPhone.Build.0 = Debug|Any CPU
		{4152DE45-34DD-4DCD-875D-DCD14B92E094}.Debug|iPhoneSimulator.ActiveCfg = Debug|Any CPU
		{4152DE45-34DD-4DCD-875D-DCD14B92E094}.Debug|iPhoneSimulator.Build.0 = Debug|Any CPU
		{4152DE45-34DD-4DCD-875D-DCD14B92E094}.Debug|x64.ActiveCfg = Debug|Any CPU
		{4152DE45-34DD-4DCD-875D-DCD14B92E094}.Debug|x64.Build.0 = Debug|Any CPU
		{4152DE45-34DD-4DCD-875D-DCD14B92E094}.Debug|x86.ActiveCfg = Debug|Any CPU
		{4152DE45-34DD-4DCD-875D-DCD14B92E094}.Debug|x86.Build.0 = Debug|Any CPU
		{4152DE45-34DD-4DCD-875D-DCD14B92E094}.Release|Any CPU.ActiveCfg = Release|Any CPU
		{4152DE45-34DD-4DCD-875D-DCD14B92E094}.Release|Any CPU.Build.0 = Release|Any CPU
		{4152DE45-34DD-4DCD-875D-DCD14B92E094}.Release|ARM.ActiveCfg = Release|Any CPU
		{4152DE45-34DD-4DCD-875D-DCD14B92E094}.Release|ARM.Build.0 = Release|Any CPU
		{4152DE45-34DD-4DCD-875D-DCD14B92E094}.Release|iPhone.ActiveCfg = Release|Any CPU
		{4152DE45-34DD-4DCD-875D-DCD14B92E094}.Release|iPhone.Build.0 = Release|Any CPU
		{4152DE45-34DD-4DCD-875D-DCD14B92E094}.Release|iPhoneSimulator.ActiveCfg = Release|Any CPU
		{4152DE45-34DD-4DCD-875D-DCD14B92E094}.Release|iPhoneSimulator.Build.0 = Release|Any CPU
		{4152DE45-34DD-4DCD-875D-DCD14B92E094}.Release|x64.ActiveCfg = Release|Any CPU
		{4152DE45-34DD-4DCD-875D-DCD14B92E094}.Release|x64.Build.0 = Release|Any CPU
		{4152DE45-34DD-4DCD-875D-DCD14B92E094}.Release|x86.ActiveCfg = Release|Any CPU
		{4152DE45-34DD-4DCD-875D-DCD14B92E094}.Release|x86.Build.0 = Release|Any CPU
	EndGlobalSection
	GlobalSection(SolutionProperties) = preSolution
		HideSolutionNode = FALSE
	EndGlobalSection
	GlobalSection(ExtensibilityGlobals) = postSolution
		SolutionGuid = {EDD30069-DD0B-41F7-8B62-E4F3A64338D8}
	EndGlobalSection
EndGlobal
